// !$*UTF8*$!
{
	archiveVersion = 1;
	classes = {
	};
	objectVersion = 50;
	objects = {

/* Begin PBXBuildFile section */
		51DFB60D219510B300DF8603 /* AppDelegate.m in Sources */ = {isa = PBXBuildFile; fileRef = 51DFB60C219510B300DF8603 /* AppDelegate.m */; };
		51DFB610219510B300DF8603 /* ViewController.m in Sources */ = {isa = PBXBuildFile; fileRef = 51DFB60F219510B300DF8603 /* ViewController.m */; };
		51DFB613219510B300DF8603 /* Main.storyboard in Resources */ = {isa = PBXBuildFile; fileRef = 51DFB611219510B300DF8603 /* Main.storyboard */; };
		51DFB615219510B400DF8603 /* Assets.xcassets in Resources */ = {isa = PBXBuildFile; fileRef = 51DFB614219510B400DF8603 /* Assets.xcassets */; };
		51DFB618219510B400DF8603 /* LaunchScreen.storyboard in Resources */ = {isa = PBXBuildFile; fileRef = 51DFB616219510B400DF8603 /* LaunchScreen.storyboard */; };
		51DFB61B219510B400DF8603 /* main.m in Sources */ = {isa = PBXBuildFile; fileRef = 51DFB61A219510B400DF8603 /* main.m */; };
		51DFB6232195135900DF8603 /* UIView+OKAImage.m in Sources */ = {isa = PBXBuildFile; fileRef = 51DFB6222195135900DF8603 /* UIView+OKAImage.m */; };
/* End PBXBuildFile section */

/* Begin PBXFileReference section */
		51DFB608219510B300DF8603 /* IconDev.app */ = {isa = PBXFileReference; explicitFileType = wrapper.application; includeInIndex = 0; path = IconDev.app; sourceTree = BUILT_PRODUCTS_DIR; };
		51DFB60B219510B300DF8603 /* AppDelegate.h */ = {isa = PBXFileReference; lastKnownFileType = sourcecode.c.h; path = AppDelegate.h; sourceTree = "<group>"; };
		51DFB60C219510B300DF8603 /* AppDelegate.m */ = {isa = PBXFileReference; lastKnownFileType = sourcecode.c.objc; path = AppDelegate.m; sourceTree = "<group>"; };
		51DFB60E219510B300DF8603 /* ViewController.h */ = {isa = PBXFileReference; lastKnownFileType = sourcecode.c.h; path = ViewController.h; sourceTree = "<group>"; };
		51DFB60F219510B300DF8603 /* ViewController.m */ = {isa = PBXFileReference; lastKnownFileType = sourcecode.c.objc; path = ViewController.m; sourceTree = "<group>"; };
		51DFB612219510B300DF8603 /* Base */ = {isa = PBXFileReference; lastKnownFileType = file.storyboard; name = Base; path = Base.lproj/Main.storyboard; sourceTree = "<group>"; };
		51DFB614219510B400DF8603 /* Assets.xcassets */ = {isa = PBXFileReference; lastKnownFileType = folder.assetcatalog; path = Assets.xcassets; sourceTree = "<group>"; };
		51DFB617219510B400DF8603 /* Base */ = {isa = PBXFileReference; lastKnownFileType = file.storyboard; name = Base; path = Base.lproj/LaunchScreen.storyboard; sourceTree = "<group>"; };
		51DFB619219510B400DF8603 /* Info.plist */ = {isa = PBXFileReference; lastKnownFileType = text.plist.xml; path = Info.plist; sourceTree = "<group>"; };
		51DFB61A219510B400DF8603 /* main.m */ = {isa = PBXFileReference; lastKnownFileType = sourcecode.c.objc; path = main.m; sourceTree = "<group>"; };
		51DFB6212195135900DF8603 /* UIView+OKAImage.h */ = {isa = PBXFileReference; fileEncoding = 4; lastKnownFileType = sourcecode.c.h; path = "UIView+OKAImage.h"; sourceTree = "<group>"; };
		51DFB6222195135900DF8603 /* UIView+OKAImage.m */ = {isa = PBXFileReference; fileEncoding = 4; lastKnownFileType = sourcecode.c.objc; path = "UIView+OKAImage.m"; sourceTree = "<group>"; };
/* End PBXFileReference section */

/* Begin PBXFrameworksBuildPhase section */
		51DFB605219510B300DF8603 /* Frameworks */ = {
			isa = PBXFrameworksBuildPhase;
			buildActionMask = 2147483647;
			files = (
			);
			runOnlyForDeploymentPostprocessing = 0;
		};
/* End PBXFrameworksBuildPhase section */

/* Begin PBXGroup section */
		51DFB5FF219510B300DF8603 = {
			isa = PBXGroup;
			children = (
				51DFB60A219510B300DF8603 /* IconDev */,
				51DFB609219510B300DF8603 /* Products */,
			);
			sourceTree = "<group>";
		};
		51DFB609219510B300DF8603 /* Products */ = {
			isa = PBXGroup;
			children = (
				51DFB608219510B300DF8603 /* IconDev.app */,
			);
			name = Products;
			sourceTree = "<group>";
		};
		51DFB60A219510B300DF8603 /* IconDev */ = {
			isa = PBXGroup;
			children = (
				51DFB6212195135900DF8603 /* UIView+OKAImage.h */,
				51DFB6222195135900DF8603 /* UIView+OKAImage.m */,
				51DFB60B219510B300DF8603 /* AppDelegate.h */,
				51DFB60C219510B300DF8603 /* AppDelegate.m */,
				51DFB60E219510B300DF8603 /* ViewController.h */,
				51DFB60F219510B300DF8603 /* ViewController.m */,
				51DFB611219510B300DF8603 /* Main.storyboard */,
				51DFB614219510B400DF8603 /* Assets.xcassets */,
				51DFB616219510B400DF8603 /* LaunchScreen.storyboard */,
				51DFB619219510B400DF8603 /* Info.plist */,
				51DFB61A219510B400DF8603 /* main.m */,
			);
			path = IconDev;
			sourceTree = "<group>";
		};
/* End PBXGroup section */

/* Begin PBXNativeTarget section */
		51DFB607219510B300DF8603 /* IconDev */ = {
			isa = PBXNativeTarget;
			buildConfigurationList = 51DFB61E219510B400DF8603 /* Build configuration list for PBXNativeTarget "IconDev" */;
			buildPhases = (
				51DFB604219510B300DF8603 /* Sources */,
				51DFB605219510B300DF8603 /* Frameworks */,
				51DFB606219510B300DF8603 /* Resources */,
			);
			buildRules = (
			);
			dependencies = (
			);
			name = IconDev;
			productName = IconDev;
			productReference = 51DFB608219510B300DF8603 /* IconDev.app */;
			productType = "com.apple.product-type.application";
		};
/* End PBXNativeTarget section */

/* Begin PBXProject section */
		51DFB600219510B300DF8603 /* Project object */ = {
			isa = PBXProject;
			attributes = {
				LastUpgradeCheck = 0940;
				ORGANIZATIONNAME = CoderHG;
				TargetAttributes = {
					51DFB607219510B300DF8603 = {
						CreatedOnToolsVersion = 9.4.1;
					};
				};
			};
			buildConfigurationList = 51DFB603219510B300DF8603 /* Build configuration list for PBXProject "IconDev" */;
			compatibilityVersion = "Xcode 9.3";
			developmentRegion = en;
			hasScannedForEncodings = 0;
			knownRegions = (
				en,
				Base,
			);
			mainGroup = 51DFB5FF219510B300DF8603;
			productRefGroup = 51DFB609219510B300DF8603 /* Products */;
			projectDirPath = "";
			projectRoot = "";
			targets = (
				51DFB607219510B300DF8603 /* IconDev */,
			);
		};
/* End PBXProject section */

/* Begin PBXResourcesBuildPhase section */
		51DFB606219510B300DF8603 /* Resources */ = {
			isa = PBXResourcesBuildPhase;
			buildActionMask = 2147483647;
			files = (
				51DFB618219510B400DF8603 /* LaunchScreen.storyboard in Resources */,
				51DFB615219510B400DF8603 /* Assets.xcassets in Resources */,
				51DFB613219510B300DF8603 /* Main.storyboard in Resources */,
			);
			runOnlyForDeploymentPostprocessing = 0;
		};
/* End PBXResourcesBuildPhase section */

/* Begin PBXSourcesBuildPhase section */
		51DFB604219510B300DF8603 /* Sources */ = {
			isa = PBXSourcesBuildPhase;
			buildActionMask = 2147483647;
			files = (
				51DFB610219510B300DF8603 /* ViewController.m in Sources */,
				51DFB61B219510B400DF8603 /* main.m in Sources */,
				51DFB6232195135900DF8603 /* UIView+OKAImage.m in Sources */,
				51DFB60D219510B300DF8603 /* AppDelegate.m in Sources */,
			);
			runOnlyForDeploymentPostprocessing = 0;
		};
/* End PBXSourcesBuildPhase section */

/* Begin PBXVariantGroup section */
		51DFB611219510B300DF8603 /* Main.storyboard */ = {
			isa = PBXVariantGroup;
			children = (
				51DFB612219510B300DF8603 /* Base */,
			);
			name = Main.storyboard;
			sourceTree = "<group>";
		};
		51DFB616219510B400DF8603 /* LaunchScreen.storyboard */ = {
			isa = PBXVariantGroup;
			children = (
				51DFB617219510B400DF8603 /* Base */,
			);
			name = LaunchScreen.storyboard;
			sourceTree = "<group>";
		};
/* End PBXVariantGroup section */

/* Begin XCBuildConfiguration section */
		51DFB61C219510B400DF8603 /* Debug */ = {
			isa = XCBuildConfiguration;
			buildSettings = {
				ALWAYS_SEARCH_USER_PATHS = NO;
				CLANG_ANALYZER_NONNULL = YES;
				CLANG_ANALYZER_NUMBER_OBJECT_CONVERSION = YES_AGGRESSIVE;
				CLANG_CXX_LANGUAGE_STANDARD = "gnu++14";
				CLANG_CXX_LIBRARY = "libc++";
				CLANG_ENABLE_MODULES = YES;
				CLANG_ENABLE_OBJC_ARC = YES;
				CLANG_ENABLE_OBJC_WEAK = YES;
				CLANG_WARN_BLOCK_CAPTURE_AUTORELEASING = YES;
				CLANG_WARN_BOOL_CONVERSION = YES;
				CLANG_WARN_COMMA = YES;
				CLANG_WARN_CONSTANT_CONVERSION = YES;
				CLANG_WARN_DEPRECATED_OBJC_IMPLEMENTATIONS = YES;
				CLANG_WARN_DIRECT_OBJC_ISA_USAGE = YES_ERROR;
				CLANG_WARN_DOCUMENTATION_COMMENTS = YES;
				CLANG_WARN_EMPTY_BODY = YES;
				CLANG_WARN_ENUM_CONVERSION = YES;
				CLANG_WARN_INFINITE_RECURSION = YES;
				CLANG_WARN_INT_CONVERSION = YES;
				CLANG_WARN_NON_LITERAL_NULL_CONVERSION = YES;
				CLANG_WARN_OBJC_IMPLICIT_RETAIN_SELF = YES;
				CLANG_WARN_OBJC_LITERAL_CONVERSION = YES;
				CLANG_WARN_OBJC_ROOT_CLASS = YES_ERROR;
				CLANG_WARN_RANGE_LOOP_ANALYSIS = YES;
				CLANG_WARN_STRICT_PROTOTYPES = YES;
				CLANG_WARN_SUSPICIOUS_MOVE = YES;
				CLANG_WARN_UNGUARDED_AVAILABILITY = YES_AGGRESSIVE;
				CLANG_WARN_UNREACHABLE_CODE = YES;
				CLANG_WARN__DUPLICATE_METHOD_MATCH = YES;
				CODE_SIGN_IDENTITY = "iPhone Developer";
				COPY_PHASE_STRIP = NO;
				DEBUG_INFORMATION_FORMAT = dwarf;
				ENABLE_STRICT_OBJC_MSGSEND = YES;
				ENABLE_TESTABILITY = YES;
				GCC_C_LANGUAGE_STANDARD = gnu11;
				GCC_DYNAMIC_NO_PIC = NO;
				GCC_NO_COMMON_BLOCKS = YES;
				GCC_OPTIMIZATION_LEVEL = 0;
				GCC_PREPROCESSOR_DEFINITIONS = (
					"DEBUG=1",
					"$(inherited)",
				);
				GCC_WARN_64_TO_32_BIT_CONVERSION = YES;
				GCC_WARN_ABOUT_RETURN_TYPE = YES_ERROR;
				GCC_WARN_UNDECLARED_SELECTOR = YES;
				GCC_WARN_UNINITIALIZED_AUTOS = YES_AGGRESSIVE;
				GCC_WARN_UNUSED_FUNCTION = YES;
				GCC_WARN_UNUSED_VARIABLE = YES;
				IPHONEOS_DEPLOYMENT_TARGET = 11.4;
				MTL_ENABLE_DEBUG_INFO = YES;
				ONLY_ACTIVE_ARCH = YES;
				SDKROOT = iphoneos;
			};
			name = Debug;
		};
		51DFB61D219510B400DF8603 /* Release */ = {
			isa = XCBuildConfiguration;
			buildSettings = {
				ALWAYS_SEARCH_USER_PATHS = NO;
				CLANG_ANALYZER_NONNULL = YES;
				CLANG_ANALYZER_NUMBER_OBJECT_CONVERSION = YES_AGGRESSIVE;
				CLANG_CXX_LANGUAGE_STANDARD = "gnu++14";
				CLANG_CXX_LIBRARY = "libc++";
				CLANG_ENABLE_MODULES = YES;
				CLANG_ENABLE_OBJC_ARC = YES;
				CLANG_ENABLE_OBJC_WEAK = YES;
				CLANG_WARN_BLOCK_CAPTURE_AUTORELEASING = YES;
				CLANG_WARN_BOOL_CONVERSION = YES;
				CLANG_WARN_COMMA = YES;
				CLANG_WARN_CONSTANT_CONVERSION = YES;
				CLANG_WARN_DEPRECATED_OBJC_IMPLEMENTATIONS = YES;
				CLANG_WARN_DIRECT_OBJC_ISA_USAGE = YES_ERROR;
				CLANG_WARN_DOCUMENTATION_COMMENTS = YES;
				CLANG_WARN_EMPTY_BODY = YES;
				CLANG_WARN_ENUM_CONVERSION = YES;
				CLANG_WARN_INFINITE_RECURSION = YES;
				CLANG_WARN_INT_CONVERSION = YES;
				CLANG_WARN_NON_LITERAL_NULL_CONVERSION = YES;
				CLANG_WARN_OBJC_IMPLICIT_RETAIN_SELF = YES;
				CLANG_WARN_OBJC_LITERAL_CONVERSION = YES;
				CLANG_WARN_OBJC_ROOT_CLASS = YES_ERROR;
				CLANG_WARN_RANGE_LOOP_ANALYSIS = YES;
				CLANG_WARN_STRICT_PROTOTYPES = YES;
				CLANG_WARN_SUSPICIOUS_MOVE = YES;
				CLANG_WARN_UNGUARDED_AVAILABILITY = YES_AGGRESSIVE;
				CLANG_WARN_UNREACHABLE_CODE = YES;
				CLANG_WARN__DUPLICATE_METHOD_MATCH = YES;
				CODE_SIGN_IDENTITY = "iPhone Developer";
				COPY_PHASE_STRIP = NO;
				DEBUG_INFORMATION_FORMAT = "dwarf-with-dsym";
				ENABLE_NS_ASSERTIONS = NO;
				ENABLE_STRICT_OBJC_MSGSEND = YES;
				GCC_C_LANGUAGE_STANDARD = gnu11;
				GCC_NO_COMMON_BLOCKS = YES;
				GCC_WARN_64_TO_32_BIT_CONVERSION = YES;
				GCC_WARN_ABOUT_RETURN_TYPE = YES_ERROR;
				GCC_WARN_UNDECLARED_SELECTOR = YES;
				GCC_WARN_UNINITIALIZED_AUTOS = YES_AGGRESSIVE;
				GCC_WARN_UNUSED_FUNCTION = YES;
				GCC_WARN_UNUSED_VARIABLE = YES;
				IPHONEOS_DEPLOYMENT_TARGET = 11.4;
				MTL_ENABLE_DEBUG_INFO = NO;
				SDKROOT = iphoneos;
				VALIDATE_PRODUCT = YES;
			};
			name = Release;
		};
		51DFB61F219510B400DF8603 /* Debug */ = {
			isa = XCBuildConfiguration;
			buildSettings = {
				ASSETCATALOG_COMPILER_APPICON_NAME = AppIcon;
				CODE_SIGN_STYLE = Automatic;
				DEVELOPMENT_TEAM = D8Y5E9ZUX3;
				INFOPLIST_FILE = IconDev/Info.plist;
				LD_RUNPATH_SEARCH_PATHS = (
					"$(inherited)",
					"@executable_path/Frameworks",
				);
				PRODUCT_BUNDLE_IDENTIFIER = CoderHG.IconDev;
				PRODUCT_NAME = "$(TARGET_NAME)";
				TARGETED_DEVICE_FAMILY = "1,2";
			};
			name = Debug;
		};
		51DFB620219510B400DF8603 /* Release */ = {
			isa = XCBuildConfiguration;
			buildSettings = {
				ASSETCATALOG_COMPILER_APPICON_NAME = AppIcon;
				CODE_SIGN_STYLE = Automatic;
				DEVELOPMENT_TEAM = D8Y5E9ZUX3;
				INFOPLIST_FILE = IconDev/Info.plist;
				LD_RUNPATH_SEARCH_PATHS = (
					"$(inherited)",
					"@executable_path/Frameworks",
				);
				PRODUCT_BUNDLE_IDENTIFIER = CoderHG.IconDev;
				PRODUCT_NAME = "$(TARGET_NAME)";
				TARGETED_DEVICE_FAMILY = "1,2";
			};
			name = Release;
		};
/* End XCBuildConfiguration section */

/* Begin XCConfigurationList section */
		51DFB603219510B300DF8603 /* Build configuration list for PBXProject "IconDev" */ = {
			isa = XCConfigurationList;
			buildConfigurations = (
				51DFB61C219510B400DF8603 /* Debug */,
				51DFB61D219510B400DF8603 /* Release */,
			);
			defaultConfigurationIsVisible = 0;
			defaultConfigurationName = Release;
		};
		51DFB61E219510B400DF8603 /* Build configuration list for PBXNativeTarget "IconDev" */ = {
			isa = XCConfigurationList;
			buildConfigurations = (
				51DFB61F219510B400DF8603 /* Debug */,
				51DFB620219510B400DF8603 /* Release */,
			);
			defaultConfigurationIsVisible = 0;
			defaultConfigurationName = Release;
		};
/* End XCConfigurationList section */
	};
	rootObject = 51DFB600219510B300DF8603 /* Project object */;
}
